version = 1
revision = 1
requires-python = ">=3.11"

[[package]]
name = "biopython"
version = "1.86"
source = { registry = "https://pypi.org/simple" }
dependencies = [
    { name = "numpy" },
]
sdist = { url = "https://files.pythonhosted.org/packages/9d/61/c59a849bd457c8a1b408ae828dbcc15e674962b5a29705e869e15b32bf25/biopython-1.86.tar.gz", hash = "sha256:93a50b586a4d2cec68ab2f99d03ef583c5761d8fba5535cb8e81da781d0d92ff", size = 19835323 }
wheels = [
    { url = "https://files.pythonhosted.org/packages/c3/f5/37d6bb3a1245ec5f5f1c66d5cd790b06cdb54a75b36849893405c17f3612/biopython-1.86-cp311-cp311-macosx_10_9_x86_64.whl", hash = "sha256:ba88b0754ad53c93eba11d910364cfc773686933c89a886522309ba903151e50", size = 2691944 },
    { url = "https://files.pythonhosted.org/packages/14/12/44d71f333b7302b30788df80705f2207c47b54c17d0935a378dfc709507d/biopython-1.86-cp311-cp311-macosx_11_0_arm64.whl", hash = "sha256:6cceb32b9036bbdc59962e31bd1605ece24edc226c0d50f99839948b5b5c9dda", size = 2669434 },
    { url = "https://files.pythonhosted.org/packages/a5/1b/731060090ed29b5ac2484865255f1f363a50afb7275717ceb2c6f20d3ea4/biopython-1.86-cp311-cp311-manylinux2014_aarch64.manylinux_2_17_aarch64.manylinux_2_28_aarch64.whl", hash = "sha256:f0f040ff85bd7d0ee06574bc6d032bc666802f2fe781b0c316b936237eb3d17e", size = 3196718 },
    { url = "https://files.pythonhosted.org/packages/1c/8d/8409535c341061b9c78faf151e73b484b456b3c3bdf59b27cf3984f16fbc/biopython-1.86-cp311-cp311-manylinux2014_x86_64.manylinux_2_17_x86_64.manylinux_2_28_x86_64.whl", hash = "sha256:6ac858fd71f1093380d8b0a16acf060e7c228ad65f9ecacdb9f5760cfb9f59b1", size = 3218383 },
    { url = "https://files.pythonhosted.org/packages/f4/bc/5e93a11f70732122679747a728509d03a6a066b178cc1d7ca30ed2f1ebee/biopython-1.86-cp311-cp311-manylinux_2_17_aarch64.manylinux2014_aarch64.whl", hash = "sha256:da4bcf5a48ee647624e2d0bedac7fb1c24ef0facd514519cca074593b8a6a40e", size = 3168368 },
    { url = "https://files.pythonhosted.org/packages/b2/c6/e187940571a3a24d20f407f1d7514ab1fe0dc9fa49e01790c4bd56ced0bc/biopython-1.86-cp311-cp311-manylinux_2_17_x86_64.manylinux2014_x86_64.whl", hash = "sha256:1d4dd9090caaf364a08ab54cd561f37c5f4ea5bcc8f0189d332dcd36d6df5767", size = 3186451 },
    { url = "https://files.pythonhosted.org/packages/2a/88/1e8ffb0db6a03888768613d682a79043e9975067b9095e644a6872905c88/biopython-1.86-cp311-cp311-win32.whl", hash = "sha256:90591f4554c09d311193e7774b5143442c67e178a5b7d929aaa2a054048b22a7", size = 2697756 },
    { url = "https://files.pythonhosted.org/packages/f0/b2/e34e45d6cb46c96486a2ed5f07874b6c9493dec68b9d6262ae05f4fe909b/biopython-1.86-cp311-cp311-win_amd64.whl", hash = "sha256:0a95321ca929c04c934e62252c9e2cc5c4fd13ce575798d98af2d79512334b9b", size = 2733781 },
    { url = "https://files.pythonhosted.org/packages/98/e2/199b8ccbd4b9bf234157db0668177b5b7784d62f29d9096fd0d3a70e3b86/biopython-1.86-cp312-cp312-macosx_10_13_x86_64.whl", hash = "sha256:f8d372aae21d79b11613751c6ae23c88db0e94d25b7567b1f67aa0304fb61667", size = 2693171 },
    { url = "https://files.pythonhosted.org/packages/d8/2f/1a7da2a55212b3d0a03866d22213f91273fee3722b5364575419fbe574a5/biopython-1.86-cp312-cp312-macosx_10_9_x86_64.whl", hash = "sha256:baf19d9237aaaa387a68f8f055f978af5c80338d7e037ab028e8d768928f1250", size = 2692543 },
    { url = "https://files.pythonhosted.org/packages/5b/e9/4057d4c2aa22ca25c180ecbed2ce9e7d65bf787999778bc63b41df0d03b5/biopython-1.86-cp312-cp312-macosx_11_0_arm64.whl", hash = "sha256:04f9abdf6cbf0087850de5f8148da0d420c4cb87905bf4de3145ad24a8d55dcd", size = 2669975 },
    { url = "https://files.pythonhosted.org/packages/a7/b2/3e6862720d7c51f0fbe7d6d25be72a95486779d9d98122283b4e8032fb40/biopython-1.86-cp312-cp312-manylinux2014_aarch64.manylinux_2_17_aarch64.manylinux_2_28_aarch64.whl", hash = "sha256:187c3c24dd2255e7328f3e0523ab5d6350b73ff562517de0c1922385617101d2", size = 3209367 },
    { url = "https://files.pythonhosted.org/packages/d7/cb/61877367bf08670573d62513b239dc65cf2b7488dc74322cc6051da2e55e/biopython-1.86-cp312-cp312-manylinux2014_x86_64.manylinux_2_17_x86_64.manylinux_2_28_x86_64.whl", hash = "sha256:1859830b8262785c6b59dfe0c82cddb643974f63b9d2779bb9f3e2c47c0a95da", size = 3235466 },
    { url = "https://files.pythonhosted.org/packages/84/1a/3182a77776b76f3f5c64825ee1acf9355f665bed72ee9e8ff49e48f25d98/biopython-1.86-cp312-cp312-manylinux_2_17_aarch64.manylinux2014_aarch64.whl", hash = "sha256:dfd906c47b6fb38e3abb9f52e0c06822e6e82a043d38c2000773692c29db1ed8", size = 3178776 },
    { url = "https://files.pythonhosted.org/packages/1a/22/828b08fac8dbc8c1dbc1ad03815137cebc9c78303ec7d21b568544028119/biopython-1.86-cp312-cp312-manylinux_2_17_x86_64.manylinux2014_x86_64.whl", hash = "sha256:4a6ab2c60742f1c8494cfbbe3b7a8b45f0400c8f2b36b686b895d5e4d625f04e", size = 3197586 },
    { url = "https://files.pythonhosted.org/packages/36/7a/122aea7653fa93d7eb72978928e80759082efffa70afe0c25a17e18521da/biopython-1.86-cp312-cp312-win32.whl", hash = "sha256:192c61bc3d782c171b7d50bb7d8189d84790d6e3c4b24fd41d1d7ffc7d303efe", size = 2698043 },
    { url = "https://files.pythonhosted.org/packages/a9/13/00db03b01e54070d5b0ec9c71eef86e61afa733d9af76e5b9b09f5dc9165/biopython-1.86-cp312-cp312-win_amd64.whl", hash = "sha256:35a6b9c5dcdfb5c2631a313a007f3f41a7d72573ba2b68c962e10ea92096ff3b", size = 2733610 },
    { url = "https://files.pythonhosted.org/packages/fd/6e/84d6c66ab93095aa7adb998a8eef045328470eafd36b9237c4db213e587c/biopython-1.86-cp313-cp313-macosx_10_13_x86_64.whl", hash = "sha256:fb3a11a98e49428720dca227e2a5bdd57c973ee7c4df3cf6734c0aa13fd134c7", size = 2693185 },
    { url = "https://files.pythonhosted.org/packages/12/75/60386f2640f13765b1651f2f26d8b4f893c46ee663df3ca76eda966d4f6a/biopython-1.86-cp313-cp313-macosx_11_0_arm64.whl", hash = "sha256:e161f3d3b6e65fbfd1ce22a01c3e9fa9da789adde4972fd0cc2370795ea5357b", size = 2669980 },
    { url = "https://files.pythonhosted.org/packages/dd/de/a39adb98a0552a257219503c236ef17f007598af55326c0d143db52e5a92/biopython-1.86-cp313-cp313-manylinux2014_aarch64.manylinux_2_17_aarch64.manylinux_2_28_aarch64.whl", hash = "sha256:5aa8c9e92ee6fe59dfe0d2c2daf9a9eec6b812c78328caad038f79163c500218", size = 3209657 },
    { url = "https://files.pythonhosted.org/packages/0b/c7/b2e7aca3de8981f4ecb6ab1e0334c3c4a512e5e9898b57b3d8734b086da7/biopython-1.86-cp313-cp313-manylinux2014_x86_64.manylinux_2_17_x86_64.manylinux_2_28_x86_64.whl", hash = "sha256:593ec6a2a4fedec08ddcee1a8a0e0b0ed56835b2714904b352ec4a93d5b9d973", size = 3235774 },
    { url = "https://files.pythonhosted.org/packages/52/ed/e6647b0b9cf2bb67347612e8e443b84378c44768a8d8439276e4ba881178/biopython-1.86-cp313-cp313-manylinux_2_17_aarch64.manylinux2014_aarch64.whl", hash = "sha256:dd2f9ebf9b14d67ca92f48779c4f0ba404c35dba3e8b9d6c34d1a3591c3b746d", size = 3178415 },
    { url = "https://files.pythonhosted.org/packages/ff/37/f6a14b835842c66a52f212136a99416265f5ce76813d668ceac1cb306357/biopython-1.86-cp313-cp313-manylinux_2_17_x86_64.manylinux2014_x86_64.whl", hash = "sha256:137fe9aafd93baa5127d17534b473f6646f92a883f52b34f7c306b800ac50038", size = 3197201 },
    { url = "https://files.pythonhosted.org/packages/f2/73/0eac930016c509763c174a0e25e92e6d7a711f6f5de1f7001e54fd5c49f7/biopython-1.86-cp313-cp313-manylinux_2_5_i686.manylinux1_i686.manylinux_2_17_i686.manylinux2014_i686.whl", hash = "sha256:e784dc8382430c9893aa084ca18fe8a8815b5811f1c324492ef3f4b54e664fff", size = 3145106 },
    { url = "https://files.pythonhosted.org/packages/00/aa/26e836274d03402e8011b04a1714d4ac2f704add303a493e54d2d5646973/biopython-1.86-cp313-cp313-win32.whl", hash = "sha256:5329a777ba90ea624447173046e77c4df2862acc46eea4e94fe2211fe041750f", size = 2698051 },
    { url = "https://files.pythonhosted.org/packages/ae/27/fa1f8fa57f2ac8fdc41d14ab36001b8ba0fce5eac01585227b99a4da0e9d/biopython-1.86-cp313-cp313-win_amd64.whl", hash = "sha256:f6f2f1dc75423b15d8a22b8eceae32785736612b6740688526401b8c2d821270", size = 2733649 },
    { url = "https://files.pythonhosted.org/packages/a4/2d/5b87ab859d38f2c7d7d1f9df375b4734737c2ef62cf8506983e882419a30/biopython-1.86-cp314-cp314-macosx_10_15_x86_64.whl", hash = "sha256:236ca61aa996f12cbc65a8d6a15abfac70b9ee800656629b784c6a240e7d8dc0", size = 2694733 },
    { url = "https://files.pythonhosted.org/packages/24/7e/a80fad6dbfa1335c506b1565d2b3fdd78cda705408a839c5583a9cfca8b6/biopython-1.86-cp314-cp314-macosx_11_0_arm64.whl", hash = "sha256:f96b7441f456c7eecad5c6e61e75b0db1435c489be7cc5e4f97dd4e60921747c", size = 2670131 },
    { url = "https://files.pythonhosted.org/packages/2d/0a/6c12e9262b99f395bd66535c4a4203bd70833c11f47ac0730fca6ba2b5f8/biopython-1.86-cp314-cp314-manylinux2014_aarch64.manylinux_2_17_aarch64.manylinux_2_28_aarch64.whl", hash = "sha256:d53a78bf960397826219f08f87b061ad7f227527d19986e830eeab60d370b597", size = 3209810 },
    { url = "https://files.pythonhosted.org/packages/3a/f9/265211154d2bb4cffe78a57b8e57cfbb165cf41cf3d1b68e2a6b073b3b8a/biopython-1.86-cp314-cp314-manylinux2014_x86_64.manylinux_2_17_x86_64.manylinux_2_28_x86_64.whl", hash = "sha256:bb86e4383c02fdb2571a38947153346e6f5cd38e22de1df40f54d2a3c51d02a8", size = 3235347 },
    { url = "https://files.pythonhosted.org/packages/64/e5/58d8e48d3b4100a7fd8bae97f0dd7179c30f19861841d1a0bb7827e0033e/biopython-1.86-cp314-cp314-win32.whl", hash = "sha256:ffeba620c4786ea836efee235a9c6333b94e922b89de1449a4782dcc15246ff1", size = 2698198 },
    { url = "https://files.pythonhosted.org/packages/e2/ca/aa166eb588a2d4eea381c92e5a2a3d09b4b4887b0f0e8f3acf999fb88157/biopython-1.86-cp314-cp314-win_amd64.whl", hash = "sha256:efbb9bc4415a1e2c1c986ba261b02857bc0c9eed098b15493f1cc5c4a1e02409", size = 2734693 },
    { url = "https://files.pythonhosted.org/packages/50/da/8c227d701ec9c94d9870b1879982e3dd114da130b0816d3f9b937318d31a/biopython-1.86-cp314-cp314t-macosx_10_15_x86_64.whl", hash = "sha256:caa70c1639b3306549605f9273753bdbf8cd6d6d352cecf23afbda3c911694f3", size = 2697389 },
    { url = "https://files.pythonhosted.org/packages/8c/1e/66b0b5622ef6a3a14c449d1c8d69749480b37518e4c1e3a8a86fc668dad7/biopython-1.86-cp314-cp314t-macosx_11_0_arm64.whl", hash = "sha256:d077f01d1f69f77a26cac46163d4ea45eb4e6509a68feb7f15e665b7e1de0a99", size = 2673857 },
    { url = "https://files.pythonhosted.org/packages/76/05/7c8f9800e6960da2007eb75128c8ec0b22e1a0064e8802e8acfad53cdca8/biopython-1.86-cp314-cp314t-manylinux2014_aarch64.manylinux_2_17_aarch64.manylinux_2_28_aarch64.whl", hash = "sha256:4506ce7dbdf885cb24d1f5439362c3c07f1b6f90761a0d20fe16a2a9ea5702a5", size = 3253007 },
    { url = "https://files.pythonhosted.org/packages/14/dd/a2177328d841fda0a12e67c65d06279691e25363a2805f561b3665cae114/biopython-1.86-cp314-cp314t-manylinux2014_x86_64.manylinux_2_17_x86_64.manylinux_2_28_x86_64.whl", hash = "sha256:dcd94717e83ba891ebd9acaecbf05ad38313095ca5706caf6c38fa3f2aa17528", size = 3272883 },
    { url = "https://files.pythonhosted.org/packages/ce/04/1aa91f64db5e0728d596fcf7302e2ae2035800c0676e94ea09645a948b91/biopython-1.86-cp314-cp314t-win32.whl", hash = "sha256:2f6b205dcb4101cefa5c615114bd35a19f656abb9d340eb3cf190f829e43800a", size = 2701649 },
    { url = "https://files.pythonhosted.org/packages/63/7c/4acaca39102d667175bb3d6502dea91c346f8674c06d5df0dbb678971596/biopython-1.86-cp314-cp314t-win_amd64.whl", hash = "sha256:efeee7c37f2331d2c55704df39e122189cc237ffd7511f34158418ad728131b8", size = 2741364 },
]

[[package]]
name = "numpy"
version = "2.4.3"
source = { registry = "https://pypi.org/simple" }
sdist = { url = "https://files.pythonhosted.org/packages/10/8b/c265f4823726ab832de836cdd184d0986dcf94480f81e8739692a7ac7af2/numpy-2.4.3.tar.gz", hash = "sha256:483a201202b73495f00dbc83796c6ae63137a9bdade074f7648b3e32613412dd", size = 20727743 }
wheels = [
    { url = "https://files.pythonhosted.org/packages/f9/51/5093a2df15c4dc19da3f79d1021e891f5dcf1d9d1db6ba38891d5590f3fe/numpy-2.4.3-cp311-cp311-macosx_10_9_x86_64.whl", hash = "sha256:33b3bf58ee84b172c067f56aeadc7ee9ab6de69c5e800ab5b10295d54c581adb", size = 16957183 },
    { url = "https://files.pythonhosted.org/packages/b5/7c/c061f3de0630941073d2598dc271ac2f6cbcf5c83c74a5870fea07488333/numpy-2.4.3-cp311-cp311-macosx_11_0_arm64.whl", hash = "sha256:8ba7b51e71c05aa1f9bc3641463cd82308eab40ce0d5c7e1fd4038cbf9938147", size = 14968734 },
    { url = "https://files.pythonhosted.org/packages/ef/27/d26c85cbcd86b26e4f125b0668e7a7c0542d19dd7d23ee12e87b550e95b5/numpy-2.4.3-cp311-cp311-macosx_14_0_arm64.whl", hash = "sha256:a1988292870c7cb9d0ebb4cc96b4d447513a9644801de54606dc7aabf2b7d920", size = 5475288 },
    { url = "https://files.pythonhosted.org/packages/2b/09/3c4abbc1dcd8010bf1a611d174c7aa689fc505585ec806111b4406f6f1b1/numpy-2.4.3-cp311-cp311-macosx_14_0_x86_64.whl", hash = "sha256:23b46bb6d8ecb68b58c09944483c135ae5f0e9b8d8858ece5e4ead783771d2a9", size = 6805253 },
    { url = "https://files.pythonhosted.org/packages/21/bc/e7aa3f6817e40c3f517d407742337cbb8e6fc4b83ce0b55ab780c829243b/numpy-2.4.3-cp311-cp311-manylinux_2_27_aarch64.manylinux_2_28_aarch64.whl", hash = "sha256:a016db5c5dba78fa8fe9f5d80d6708f9c42ab087a739803c0ac83a43d686a470", size = 15969479 },
    { url = "https://files.pythonhosted.org/packages/78/51/9f5d7a41f0b51649ddf2f2320595e15e122a40610b233d51928dd6c92353/numpy-2.4.3-cp311-cp311-manylinux_2_27_x86_64.manylinux_2_28_x86_64.whl", hash = "sha256:715de7f82e192e8cae5a507a347d97ad17598f8e026152ca97233e3666daaa71", size = 16901035 },
    { url = "https://files.pythonhosted.org/packages/64/6e/b221dd847d7181bc5ee4857bfb026182ef69499f9305eb1371cbb1aea626/numpy-2.4.3-cp311-cp311-musllinux_1_2_aarch64.whl", hash = "sha256:2ddb7919366ee468342b91dea2352824c25b55814a987847b6c52003a7c97f15", size = 17325657 },
    { url = "https://files.pythonhosted.org/packages/eb/b8/8f3fd2da596e1063964b758b5e3c970aed1949a05200d7e3d46a9d46d643/numpy-2.4.3-cp311-cp311-musllinux_1_2_x86_64.whl", hash = "sha256:a315e5234d88067f2d97e1f2ef670a7569df445d55400f1e33d117418d008d52", size = 18635512 },
    { url = "https://files.pythonhosted.org/packages/5c/24/2993b775c37e39d2f8ab4125b44337ab0b2ba106c100980b7c274a22bee7/numpy-2.4.3-cp311-cp311-win32.whl", hash = "sha256:2b3f8d2c4589b1a2028d2a770b0fc4d1f332fb5e01521f4de3199a896d158ddd", size = 6238100 },
    { url = "https://files.pythonhosted.org/packages/76/1d/edccf27adedb754db7c4511d5eac8b83f004ae948fe2d3509e8b78097d4c/numpy-2.4.3-cp311-cp311-win_amd64.whl", hash = "sha256:77e76d932c49a75617c6d13464e41203cd410956614d0a0e999b25e9e8d27eec", size = 12609816 },
    { url = "https://files.pythonhosted.org/packages/92/82/190b99153480076c8dce85f4cfe7d53ea84444145ffa54cb58dcd460d66b/numpy-2.4.3-cp311-cp311-win_arm64.whl", hash = "sha256:eb610595dd91560905c132c709412b512135a60f1851ccbd2c959e136431ff67", size = 10485757 },
    { url = "https://files.pythonhosted.org/packages/a9/ed/6388632536f9788cea23a3a1b629f25b43eaacd7d7377e5d6bc7b9deb69b/numpy-2.4.3-cp312-cp312-macosx_10_13_x86_64.whl", hash = "sha256:61b0cbabbb6126c8df63b9a3a0c4b1f44ebca5e12ff6997b80fcf267fb3150ef", size = 16669628 },
    { url = "https://files.pythonhosted.org/packages/74/1b/ee2abfc68e1ce728b2958b6ba831d65c62e1b13ce3017c13943f8f9b5b2e/numpy-2.4.3-cp312-cp312-macosx_11_0_arm64.whl", hash = "sha256:7395e69ff32526710748f92cd8c9849b361830968ea3e24a676f272653e8983e", size = 14696872 },
    { url = "https://files.pythonhosted.org/packages/ba/d1/780400e915ff5638166f11ca9dc2c5815189f3d7cf6f8759a1685e586413/numpy-2.4.3-cp312-cp312-macosx_14_0_arm64.whl", hash = "sha256:abdce0f71dcb4a00e4e77f3faf05e4616ceccfe72ccaa07f47ee79cda3b7b0f4", size = 5203489 },
    { url = "https://files.pythonhosted.org/packages/0b/bb/baffa907e9da4cc34a6e556d6d90e032f6d7a75ea47968ea92b4858826c4/numpy-2.4.3-cp312-cp312-macosx_14_0_x86_64.whl", hash = "sha256:48da3a4ee1336454b07497ff7ec83903efa5505792c4e6d9bf83d99dc07a1e18", size = 6550814 },
    { url = "https://files.pythonhosted.org/packages/7b/12/8c9f0c6c95f76aeb20fc4a699c33e9f827fa0d0f857747c73bb7b17af945/numpy-2.4.3-cp312-cp312-manylinux_2_27_aarch64.manylinux_2_28_aarch64.whl", hash = "sha256:32e3bef222ad6b052280311d1d60db8e259e4947052c3ae7dd6817451fc8a4c5", size = 15666601 },
    { url = "https://files.pythonhosted.org/packages/bd/79/cc665495e4d57d0aa6fbcc0aa57aa82671dfc78fbf95fe733ed86d98f52a/numpy-2.4.3-cp312-cp312-manylinux_2_27_x86_64.manylinux_2_28_x86_64.whl", hash = "sha256:e7dd01a46700b1967487141a66ac1a3cf0dd8ebf1f08db37d46389401512ca97", size = 16621358 },
    { url = "https://files.pythonhosted.org/packages/a8/40/b4ecb7224af1065c3539f5ecfff879d090de09608ad1008f02c05c770cb3/numpy-2.4.3-cp312-cp312-musllinux_1_2_aarch64.whl", hash = "sha256:76f0f283506c28b12bba319c0fab98217e9f9b54e6160e9c79e9f7348ba32e9c", size = 17016135 },
    { url = "https://files.pythonhosted.org/packages/f7/b1/6a88e888052eed951afed7a142dcdf3b149a030ca59b4c71eef085858e43/numpy-2.4.3-cp312-cp312-musllinux_1_2_x86_64.whl", hash = "sha256:737f630a337364665aba3b5a77e56a68cc42d350edd010c345d65a3efa3addcc", size = 18345816 },
    { url = "https://files.pythonhosted.org/packages/f3/8f/103a60c5f8c3d7fc678c19cd7b2476110da689ccb80bc18050efbaeae183/numpy-2.4.3-cp312-cp312-win32.whl", hash = "sha256:26952e18d82a1dbbc2f008d402021baa8d6fc8e84347a2072a25e08b46d698b9", size = 5960132 },
    { url = "https://files.pythonhosted.org/packages/d7/7c/f5ee1bf6ed888494978046a809df2882aad35d414b622893322df7286879/numpy-2.4.3-cp312-cp312-win_amd64.whl", hash = "sha256:65f3c2455188f09678355f5cae1f959a06b778bc66d535da07bf2ef20cd319d5", size = 12316144 },
    { url = "https://files.pythonhosted.org/packages/71/46/8d1cb3f7a00f2fb6394140e7e6623696e54c6318a9d9691bb4904672cf42/numpy-2.4.3-cp312-cp312-win_arm64.whl", hash = "sha256:2abad5c7fef172b3377502bde47892439bae394a71bc329f31df0fd829b41a9e", size = 10220364 },
    { url = "https://files.pythonhosted.org/packages/b6/d0/1fe47a98ce0df229238b77611340aff92d52691bcbc10583303181abf7fc/numpy-2.4.3-cp313-cp313-macosx_10_13_x86_64.whl", hash = "sha256:b346845443716c8e542d54112966383b448f4a3ba5c66409771b8c0889485dd3", size = 16665297 },
    { url = "https://files.pythonhosted.org/packages/27/d9/4e7c3f0e68dfa91f21c6fb6cf839bc829ec920688b1ce7ec722b1a6202fb/numpy-2.4.3-cp313-cp313-macosx_11_0_arm64.whl", hash = "sha256:2629289168f4897a3c4e23dc98d6f1731f0fc0fe52fb9db19f974041e4cc12b9", size = 14691853 },
    { url = "https://files.pythonhosted.org/packages/3a/66/bd096b13a87549683812b53ab211e6d413497f84e794fb3c39191948da97/numpy-2.4.3-cp313-cp313-macosx_14_0_arm64.whl", hash = "sha256:bb2e3cf95854233799013779216c57e153c1ee67a0bf92138acca0e429aefaee", size = 5198435 },
    { url = "https://files.pythonhosted.org/packages/a2/2f/687722910b5a5601de2135c891108f51dfc873d8e43c8ed9f4ebb440b4a2/numpy-2.4.3-cp313-cp313-macosx_14_0_x86_64.whl", hash = "sha256:7f3408ff897f8ab07a07fbe2823d7aee6ff644c097cc1f90382511fe982f647f", size = 6546347 },
    { url = "https://files.pythonhosted.org/packages/bf/ec/7971c4e98d86c564750393fab8d7d83d0a9432a9d78bb8a163a6dc59967a/numpy-2.4.3-cp313-cp313-manylinux_2_27_aarch64.manylinux_2_28_aarch64.whl", hash = "sha256:decb0eb8a53c3b009b0962378065589685d66b23467ef5dac16cbe818afde27f", size = 15664626 },
    { url = "https://files.pythonhosted.org/packages/7e/eb/7daecbea84ec935b7fc732e18f532073064a3816f0932a40a17f3349185f/numpy-2.4.3-cp313-cp313-manylinux_2_27_x86_64.manylinux_2_28_x86_64.whl", hash = "sha256:d5f51900414fc9204a0e0da158ba2ac52b75656e7dce7e77fb9f84bfa343b4cc", size = 16608916 },
    { url = "https://files.pythonhosted.org/packages/df/58/2a2b4a817ffd7472dca4421d9f0776898b364154e30c95f42195041dc03b/numpy-2.4.3-cp313-cp313-musllinux_1_2_aarch64.whl", hash = "sha256:6bd06731541f89cdc01b261ba2c9e037f1543df7472517836b78dfb15bd6e476", size = 17015824 },
    { url = "https://files.pythonhosted.org/packages/4a/ca/627a828d44e78a418c55f82dd4caea8ea4a8ef24e5144d9e71016e52fb40/numpy-2.4.3-cp313-cp313-musllinux_1_2_x86_64.whl", hash = "sha256:22654fe6be0e5206f553a9250762c653d3698e46686eee53b399ab90da59bd92", size = 18334581 },
    { url = "https://files.pythonhosted.org/packages/cd/c0/76f93962fc79955fcba30a429b62304332345f22d4daec1cb33653425643/numpy-2.4.3-cp313-cp313-win32.whl", hash = "sha256:d71e379452a2f670ccb689ec801b1218cd3983e253105d6e83780967e899d687", size = 5958618 },
    { url = "https://files.pythonhosted.org/packages/b1/3c/88af0040119209b9b5cb59485fa48b76f372c73068dbf9254784b975ac53/numpy-2.4.3-cp313-cp313-win_amd64.whl", hash = "sha256:0a60e17a14d640f49146cb38e3f105f571318db7826d9b6fef7e4dce758faecd", size = 12312824 },
    { url = "https://files.pythonhosted.org/packages/58/ce/3d07743aced3d173f877c3ef6a454c2174ba42b584ab0b7e6d99374f51ed/numpy-2.4.3-cp313-cp313-win_arm64.whl", hash = "sha256:c9619741e9da2059cd9c3f206110b97583c7152c1dc9f8aafd4beb450ac1c89d", size = 10221218 },
    { url = "https://files.pythonhosted.org/packages/62/09/d96b02a91d09e9d97862f4fc8bfebf5400f567d8eb1fe4b0cc4795679c15/numpy-2.4.3-cp313-cp313t-macosx_11_0_arm64.whl", hash = "sha256:7aa4e54f6469300ebca1d9eb80acd5253cdfa36f2c03d79a35883687da430875", size = 14819570 },
    { url = "https://files.pythonhosted.org/packages/b5/ca/0b1aba3905fdfa3373d523b2b15b19029f4f3031c87f4066bd9d20ef6c6b/numpy-2.4.3-cp313-cp313t-macosx_14_0_arm64.whl", hash = "sha256:d1b90d840b25874cf5cd20c219af10bac3667db3876d9a495609273ebe679070", size = 5326113 },
    { url = "https://files.pythonhosted.org/packages/c0/63/406e0fd32fcaeb94180fd6a4c41e55736d676c54346b7efbce548b94a914/numpy-2.4.3-cp313-cp313t-macosx_14_0_x86_64.whl", hash = "sha256:a749547700de0a20a6718293396ec237bb38218049cfce788e08fcb716e8cf73", size = 6646370 },
    { url = "https://files.pythonhosted.org/packages/b6/d0/10f7dc157d4b37af92720a196be6f54f889e90dcd30dce9dc657ed92c257/numpy-2.4.3-cp313-cp313t-manylinux_2_27_aarch64.manylinux_2_28_aarch64.whl", hash = "sha256:94f3c4a151a2e529adf49c1d54f0f57ff8f9b233ee4d44af623a81553ab86368", size = 15723499 },
    { url = "https://files.pythonhosted.org/packages/66/f1/d1c2bf1161396629701bc284d958dc1efa3a5a542aab83cf11ee6eb4cba5/numpy-2.4.3-cp313-cp313t-manylinux_2_27_x86_64.manylinux_2_28_x86_64.whl", hash = "sha256:22c31dc07025123aedf7f2db9e91783df13f1776dc52c6b22c620870dc0fab22", size = 16657164 },
    { url = "https://files.pythonhosted.org/packages/1a/be/cca19230b740af199ac47331a21c71e7a3d0ba59661350483c1600d28c37/numpy-2.4.3-cp313-cp313t-musllinux_1_2_aarch64.whl", hash = "sha256:148d59127ac95979d6f07e4d460f934ebdd6eed641db9c0db6c73026f2b2101a", size = 17081544 },
    { url = "https://files.pythonhosted.org/packages/b9/c5/9602b0cbb703a0936fb40f8a95407e8171935b15846de2f0776e08af04c7/numpy-2.4.3-cp313-cp313t-musllinux_1_2_x86_64.whl", hash = "sha256:a97cbf7e905c435865c2d939af3d93f99d18eaaa3cabe4256f4304fb51604349", size = 18380290 },
    { url = "https://files.pythonhosted.org/packages/ed/81/9f24708953cd30be9ee36ec4778f4b112b45165812f2ada4cc5ea1c1f254/numpy-2.4.3-cp313-cp313t-win32.whl", hash = "sha256:be3b8487d725a77acccc9924f65fd8bce9af7fac8c9820df1049424a2115af6c", size = 6082814 },
    { url = "https://files.pythonhosted.org/packages/e2/9e/52f6eaa13e1a799f0ab79066c17f7016a4a8ae0c1aefa58c82b4dab690b4/numpy-2.4.3-cp313-cp313t-win_amd64.whl", hash = "sha256:1ec84fd7c8e652b0f4aaaf2e6e9cc8eaa9b1b80a537e06b2e3a2fb176eedcb26", size = 12452673 },
    { url = "https://files.pythonhosted.org/packages/c4/04/b8cece6ead0b30c9fbd99bb835ad7ea0112ac5f39f069788c5558e3b1ab2/numpy-2.4.3-cp313-cp313t-win_arm64.whl", hash = "sha256:120df8c0a81ebbf5b9020c91439fccd85f5e018a927a39f624845be194a2be02", size = 10290907 },
    { url = "https://files.pythonhosted.org/packages/70/ae/3936f79adebf8caf81bd7a599b90a561334a658be4dcc7b6329ebf4ee8de/numpy-2.4.3-cp314-cp314-macosx_10_15_x86_64.whl", hash = "sha256:5884ce5c7acfae1e4e1b6fde43797d10aa506074d25b531b4f54bde33c0c31d4", size = 16664563 },
    { url = "https://files.pythonhosted.org/packages/9b/62/760f2b55866b496bb1fa7da2a6db076bef908110e568b02fcfc1422e2a3a/numpy-2.4.3-cp314-cp314-macosx_11_0_arm64.whl", hash = "sha256:297837823f5bc572c5f9379b0c9f3a3365f08492cbdc33bcc3af174372ebb168", size = 14702161 },
    { url = "https://files.pythonhosted.org/packages/32/af/a7a39464e2c0a21526fb4fb76e346fb172ebc92f6d1c7a07c2c139cc17b1/numpy-2.4.3-cp314-cp314-macosx_14_0_arm64.whl", hash = "sha256:a111698b4a3f8dcbe54c64a7708f049355abd603e619013c346553c1fd4ca90b", size = 5208738 },
    { url = "https://files.pythonhosted.org/packages/29/8c/2a0cf86a59558fa078d83805589c2de490f29ed4fb336c14313a161d358a/numpy-2.4.3-cp314-cp314-macosx_14_0_x86_64.whl", hash = "sha256:4bd4741a6a676770e0e97fe9ab2e51de01183df3dcbcec591d26d331a40de950", size = 6543618 },
    { url = "https://files.pythonhosted.org/packages/aa/b8/612ce010c0728b1c363fa4ea3aa4c22fe1c5da1de008486f8c2f5cb92fae/numpy-2.4.3-cp314-cp314-manylinux_2_27_aarch64.manylinux_2_28_aarch64.whl", hash = "sha256:54f29b877279d51e210e0c80709ee14ccbbad647810e8f3d375561c45ef613dd", size = 15680676 },
    { url = "https://files.pythonhosted.org/packages/a9/7e/4f120ecc54ba26ddf3dc348eeb9eb063f421de65c05fc961941798feea18/numpy-2.4.3-cp314-cp314-manylinux_2_27_x86_64.manylinux_2_28_x86_64.whl", hash = "sha256:679f2a834bae9020f81534671c56fd0cc76dd7e5182f57131478e23d0dc59e24", size = 16613492 },
    { url = "https://files.pythonhosted.org/packages/2c/86/1b6020db73be330c4b45d5c6ee4295d59cfeef0e3ea323959d053e5a6909/numpy-2.4.3-cp314-cp314-musllinux_1_2_aarch64.whl", hash = "sha256:d84f0f881cb2225c2dfd7f78a10a5645d487a496c6668d6cc39f0f114164f3d0", size = 17031789 },
    { url = "https://files.pythonhosted.org/packages/07/3a/3b90463bf41ebc21d1b7e06079f03070334374208c0f9a1f05e4ae8455e7/numpy-2.4.3-cp314-cp314-musllinux_1_2_x86_64.whl", hash = "sha256:d213c7e6e8d211888cc359bab7199670a00f5b82c0978b9d1c75baf1eddbeac0", size = 18339941 },
    { url = "https://files.pythonhosted.org/packages/a8/74/6d736c4cd962259fd8bae9be27363eb4883a2f9069763747347544c2a487/numpy-2.4.3-cp314-cp314-win32.whl", hash = "sha256:52077feedeff7c76ed7c9f1a0428558e50825347b7545bbb8523da2cd55c547a", size = 6007503 },
    { url = "https://files.pythonhosted.org/packages/48/39/c56ef87af669364356bb011922ef0734fc49dad51964568634c72a009488/numpy-2.4.3-cp314-cp314-win_amd64.whl", hash = "sha256:0448e7f9caefb34b4b7dd2b77f21e8906e5d6f0365ad525f9f4f530b13df2afc", size = 12444915 },
    { url = "https://files.pythonhosted.org/packages/9d/1f/ab8528e38d295fd349310807496fabb7cf9fe2e1f70b97bc20a483ea9d4a/numpy-2.4.3-cp314-cp314-win_arm64.whl", hash = "sha256:b44fd60341c4d9783039598efadd03617fa28d041fc37d22b62d08f2027fa0e7", size = 10494875 },
    { url = "https://files.pythonhosted.org/packages/e6/ef/b7c35e4d5ef141b836658ab21a66d1a573e15b335b1d111d31f26c8ef80f/numpy-2.4.3-cp314-cp314t-macosx_11_0_arm64.whl", hash = "sha256:0a195f4216be9305a73c0e91c9b026a35f2161237cf1c6de9b681637772ea657", size = 14822225 },
    { url = "https://files.pythonhosted.org/packages/cd/8d/7730fa9278cf6648639946cc816e7cc89f0d891602584697923375f801ed/numpy-2.4.3-cp314-cp314t-macosx_14_0_arm64.whl", hash = "sha256:cd32fbacb9fd1bf041bf8e89e4576b6f00b895f06d00914820ae06a616bdfef7", size = 5328769 },
    { url = "https://files.pythonhosted.org/packages/47/01/d2a137317c958b074d338807c1b6a383406cdf8b8e53b075d804cc3d211d/numpy-2.4.3-cp314-cp314t-macosx_14_0_x86_64.whl", hash = "sha256:2e03c05abaee1f672e9d67bc858f300b5ccba1c21397211e8d77d98350972093", size = 6649461 },
    { url = "https://files.pythonhosted.org/packages/5c/34/812ce12bc0f00272a4b0ec0d713cd237cb390666eb6206323d1cc9cedbb2/numpy-2.4.3-cp314-cp314t-manylinux_2_27_aarch64.manylinux_2_28_aarch64.whl", hash = "sha256:7d1ce23cce91fcea443320a9d0ece9b9305d4368875bab09538f7a5b4131938a", size = 15725809 },
    { url = "https://files.pythonhosted.org/packages/25/c0/2aed473a4823e905e765fee3dc2cbf504bd3e68ccb1150fbdabd5c39f527/numpy-2.4.3-cp314-cp314t-manylinux_2_27_x86_64.manylinux_2_28_x86_64.whl", hash = "sha256:c59020932feb24ed49ffd03704fbab89f22aa9c0d4b180ff45542fe8918f5611", size = 16655242 },
    { url = "https://files.pythonhosted.org/packages/f2/c8/7e052b2fc87aa0e86de23f20e2c42bd261c624748aa8efd2c78f7bb8d8c6/numpy-2.4.3-cp314-cp314t-musllinux_1_2_aarch64.whl", hash = "sha256:9684823a78a6cd6ad7511fc5e25b07947d1d5b5e2812c93fe99d7d4195130720", size = 17080660 },
    { url = "https://files.pythonhosted.org/packages/f3/3d/0876746044db2adcb11549f214d104f2e1be00f07a67edbb4e2812094847/numpy-2.4.3-cp314-cp314t-musllinux_1_2_x86_64.whl", hash = "sha256:0200b25c687033316fb39f0ff4e3e690e8957a2c3c8d22499891ec58c37a3eb5", size = 18380384 },
    { url = "https://files.pythonhosted.org/packages/07/12/8160bea39da3335737b10308df4f484235fd297f556745f13092aa039d3b/numpy-2.4.3-cp314-cp314t-win32.whl", hash = "sha256:5e10da9e93247e554bb1d22f8edc51847ddd7dde52d85ce31024c1b4312bfba0", size = 6154547 },
    { url = "https://files.pythonhosted.org/packages/42/f3/76534f61f80d74cc9cdf2e570d3d4eeb92c2280a27c39b0aaf471eda7b48/numpy-2.4.3-cp314-cp314t-win_amd64.whl", hash = "sha256:45f003dbdffb997a03da2d1d0cb41fbd24a87507fb41605c0420a3db5bd4667b", size = 12633645 },
    { url = "https://files.pythonhosted.org/packages/1f/b6/7c0d4334c15983cec7f92a69e8ce9b1e6f31857e5ee3a413ac424e6bd63d/numpy-2.4.3-cp314-cp314t-win_arm64.whl", hash = "sha256:4d382735cecd7bcf090172489a525cd7d4087bc331f7df9f60ddc9a296cf208e", size = 10565454 },
    { url = "https://files.pythonhosted.org/packages/64/e4/4dab9fb43c83719c29241c535d9e07be73bea4bc0c6686c5816d8e1b6689/numpy-2.4.3-pp311-pypy311_pp73-macosx_10_15_x86_64.whl", hash = "sha256:c6b124bfcafb9e8d3ed09130dbee44848c20b3e758b6bbf006e641778927c028", size = 16834892 },
    { url = "https://files.pythonhosted.org/packages/c9/29/f8b6d4af90fed3dfda84ebc0df06c9833d38880c79ce954e5b661758aa31/numpy-2.4.3-pp311-pypy311_pp73-macosx_11_0_arm64.whl", hash = "sha256:76dbb9d4e43c16cf9aa711fcd8de1e2eeb27539dcefb60a1d5e9f12fae1d1ed8", size = 14893070 },
    { url = "https://files.pythonhosted.org/packages/9a/04/a19b3c91dbec0a49269407f15d5753673a09832daed40c45e8150e6fa558/numpy-2.4.3-pp311-pypy311_pp73-macosx_14_0_arm64.whl", hash = "sha256:29363fbfa6f8ee855d7569c96ce524845e3d726d6c19b29eceec7dd555dab152", size = 5399609 },
    { url = "https://files.pythonhosted.org/packages/79/34/4d73603f5420eab89ea8a67097b31364bf7c30f811d4dd84b1659c7476d9/numpy-2.4.3-pp311-pypy311_pp73-macosx_14_0_x86_64.whl", hash = "sha256:bc71942c789ef415a37f0d4eab90341425a00d538cd0642445d30b41023d3395", size = 6714355 },
    { url = "https://files.pythonhosted.org/packages/58/ad/1100d7229bb248394939a12a8074d485b655e8ed44207d328fdd7fcebc7b/numpy-2.4.3-pp311-pypy311_pp73-manylinux_2_27_aarch64.manylinux_2_28_aarch64.whl", hash = "sha256:7e58765ad74dcebd3ef0208a5078fba32dc8ec3578fe84a604432950cd043d79", size = 15800434 },
    { url = "https://files.pythonhosted.org/packages/0c/fd/16d710c085d28ba4feaf29ac60c936c9d662e390344f94a6beaa2ac9899b/numpy-2.4.3-pp311-pypy311_pp73-manylinux_2_27_x86_64.manylinux_2_28_x86_64.whl", hash = "sha256:8e236dbda4e1d319d681afcbb136c0c4a8e0f1a5c58ceec2adebb547357fe857", size = 16729409 },
    { url = "https://files.pythonhosted.org/packages/57/a7/b35835e278c18b85206834b3aa3abe68e77a98769c59233d1f6300284781/numpy-2.4.3-pp311-pypy311_pp73-win_amd64.whl", hash = "sha256:4b42639cdde6d24e732ff823a3fa5b701d8acad89c4142bc1d0bd6dc85200ba5", size = 12504685 },
]

[[package]]
name = "peptides-mldata"
version = "0.1.0"
source = { editable = "." }
dependencies = [
    { name = "biopython" },
    { name = "numpy" },
]

[package.metadata]
requires-dist = [
    { name = "biopython", specifier = ">=1.86" },
    { name = "numpy", specifier = ">=2.4.3" },
]
